{
  "version": 4,
  "terraform_version": "1.14.8",
  "serial": 53,
  "lineage": "4531bf19-f1d2-1781-3231-7e4596a5c1a7",
  "outputs": {},
  "resources": [
    {
      "mode": "data",
      "type": "aws_caller_identity",
      "name": "current",
      "provider": "provider[\"registry.terraform.io/hashicorp/aws\"]",
      "instances": [
        {
          "schema_version": 0,
          "attributes": {
            "account_id": "248195880649",
            "arn": "arn:aws:iam::248195880649:user/UserTesting",
            "id": "248195880649",
            "user_id": "AIDATTSNAS3EQW3CPYAKH"
          },
          "sensitive_attributes": [],
          "identity_schema_version": 0
        }
      ]
    },
    {
      "mode": "managed",
      "type": "aws_s3_bucket",
      "name": "terraform_state",
      "provider": "provider[\"registry.terraform.io/hashicorp/aws\"]",
      "instances": [
        {
          "schema_version": 0,
          "attributes": {
            "acceleration_status": "",
            "acl": null,
            "arn": "arn:aws:s3:::voting-app-terraform-state-248195880649",
            "bucket": "voting-app-terraform-state-248195880649",
            "bucket_domain_name": "voting-app-terraform-state-248195880649.s3.amazonaws.com",
            "bucket_prefix": "",
            "bucket_regional_domain_name": "voting-app-terraform-state-248195880649.s3.ap-southeast-1.amazonaws.com",
            "cors_rule": [],
            "force_destroy": false,
            "grant": [
              {
                "id": "23e496f005c8936e554ddf349434523b5ffe664b04a48b6541dc66c5cd6c2e1c",
                "permissions": [
                  "FULL_CONTROL"
                ],
                "type": "CanonicalUser",
                "uri": ""
              }
            ],
            "hosted_zone_id": "Z3O0J2DXBE1FTB",
            "id": "voting-app-terraform-state-248195880649",
            "lifecycle_rule": [],
            "logging": [],
            "object_lock_configuration": [],
            "object_lock_enabled": false,
            "policy": "",
            "region": "ap-southeast-1",
            "replication_configuration": [],
            "request_payer": "BucketOwner",
            "server_side_encryption_configuration": [
              {
                "rule": [
                  {
                    "apply_server_side_encryption_by_default": [
                      {
                        "kms_master_key_id": "",
                        "sse_algorithm": "AES256"
                      }
                    ],
                    "bucket_key_enabled": false
                  }
                ]
              }
            ],
            "tags": {
              "Environment": "bootstrap",
              "ManagedBy": "Terraform",
              "Name": "voting-app-terraform-state-248195880649"
            },
            "tags_all": {
              "Environment": "bootstrap",
              "ManagedBy": "Terraform",
              "Name": "voting-app-terraform-state-248195880649"
            },
            "timeouts": null,
            "versioning": [
              {
                "enabled": false,
                "mfa_delete": false
              }
            ],
            "website": [],
            "website_domain": null,
            "website_endpoint": null
          },
          "sensitive_attributes": [],
          "identity_schema_version": 0,
          "private": "eyJlMmJmYjczMC1lY2FhLTExZTYtOGY4OC0zNDM2M2JjN2M0YzAiOnsiY3JlYXRlIjoxMjAwMDAwMDAwMDAwLCJkZWxldGUiOjM2MDAwMDAwMDAwMDAsInJlYWQiOjEyMDAwMDAwMDAwMDAsInVwZGF0ZSI6MTIwMDAwMDAwMDAwMH19",
          "dependencies": [
            "data.aws_caller_identity.current"
          ]
        }
      ]
    }
  ],
  "check_results": null
}
