{
  "version": 4,
  "terraform_version": "1.14.8",
  "serial": 10,
  "lineage": "83b10e8b-22a4-b1dc-e271-c07f5851379d",
  "outputs": {},
  "resources": [
    {
      "module": "module.eks",
      "mode": "managed",
      "type": "aws_eks_cluster",
      "name": "main",
      "provider": "provider[\"registry.terraform.io/hashicorp/aws\"]",
      "instances": [
        {
          "schema_version": 1,
          "attributes": {
            "access_config": [
              {
                "authentication_mode": "CONFIG_MAP",
                "bootstrap_cluster_creator_admin_permissions": true
              }
            ],
            "arn": "arn:aws:eks:ap-southeast-1:248195880649:cluster/management-huy-cluster",
            "bootstrap_self_managed_addons": true,
            "certificate_authority": [
              {
                "data": "LS0tLS1CRUdJTiBDRVJUSUZJQ0FURS0tLS0tCk1JSURCVENDQWUyZ0F3SUJBZ0lJTFdpdmFVN2JZTmN3RFFZSktvWklodmNOQVFFTEJRQXdGVEVUTUJFR0ExVUUKQXhNS2EzVmlaWEp1WlhSbGN6QWVGdzB5TmpBMU1Ua3dOREl6TlRsYUZ3MHpOakExTVRZd05ESTROVGxhTUJVeApFekFSQmdOVkJBTVRDbXQxWW1WeWJtVjBaWE13Z2dFaU1BMEdDU3FHU0liM0RRRUJBUVVBQTRJQkR3QXdnZ0VLCkFvSUJBUUM1QUJIRUFiMURkNjlRaFkrMkk2MVMrNVpOUjdOVUtiWjQ0Y1BlZlFaRi9xQlNMamFRMlVQa0NLOGIKTXhER3l0RytYcEV2TGc5Q01vOVRUbFF6Q3h1QWtYeVA5Mlo2Kyt3cFNtN0RwWmpDQjA0M3hBbFF6SVdmMzNndwplOU5PWHY4L2U5TExoMFoyWXYreWJKNEQvZ0dEdk1XbWpncDZHRDFtRFlMYkIwOHVWV0NnQ0dhZmlRQWViRStUCklVOGFmOHlXb1FiYlF1aEdNenhOMERMUnI1NEcxNzk0UzZHTjM4a0RNS2ZpdUxFNG1iLzRaYThXMDU2RU5lMzkKenNoenpaTXo1WkRZc2IvcWpERitBRzkwb21UTzFXdFVXRG9IWk5lU0VtbjlaU21CamlSOWFkNENJNDF1TXVsdQpvektyWHdTejNMOUxLZHVmVDFLbndENjBHZjRIQWdNQkFBR2pXVEJYTUE0R0ExVWREd0VCL3dRRUF3SUNwREFQCkJnTlZIUk1CQWY4RUJUQURBUUgvTUIwR0ExVWREZ1FXQkJUREVqMUY3dTNEdDRtWG1RdlBpM0V5WGF1OWhqQVYKQmdOVkhSRUVEakFNZ2dwcmRXSmxjbTVsZEdWek1BMEdDU3FHU0liM0RRRUJDd1VBQTRJQkFRQ1VGR2pENWJkdQpZTk1zR0lRVFBOTWpBSWM2Tmx3SDdDUk1FWk5oOXY5SGdjMVl0WjhoM2pVdkszWCtHNFJrQU9palg5cndaaVRvCkgwWFBOMVM2RjhKYnM4UXVNOXZjS1JKTDM3Rzg5alJkTFE4TjdjUmF4ZUk2bTF1OExSREJZUW9qZXJtQjVhMzkKeGJyLzQySVAyZlFRNjFLa2pVVFVxNE9IZ1RpR2c0WVZyUWtCTnV0OGNQUVNJYVNIbnBYRUQvTFlFVmsyWjUzNQp1MyswTEtNNzFpQlVZbTBabnNIRVpuVjZsK1FEeWdBQ1lHcnhEcHRyeU1aWVVLZ3JURGRHTjlMMEVnVUFsZEVhCkN1WVREcjFYcmFiRlg0TmFIS3JiWlo3aG9vNWUyRW15cDFTQmFBdXB4TEIxaEVEWWNpelVoOVpqOXFlWHc2bXUKQTIzSGtoUDZFOXM3Ci0tLS0tRU5EIENFUlRJRklDQVRFLS0tLS0K"
              }
            ],
            "cluster_id": null,
            "compute_config": [],
            "created_at": "2026-05-19T04:25:16Z",
            "enabled_cluster_log_types": [
              "api",
              "audit",
              "authenticator",
              "controllerManager",
              "scheduler"
            ],
            "encryption_config": [],
            "endpoint": "https://265700257A4DE7CC6FD71EE66F355C06.gr7.ap-southeast-1.eks.amazonaws.com",
            "force_update_version": null,
            "id": "management-huy-cluster",
            "identity": [
              {
                "oidc": [
                  {
                    "issuer": "https://oidc.eks.ap-southeast-1.amazonaws.com/id/265700257A4DE7CC6FD71EE66F355C06"
                  }
                ]
              }
            ],
            "kubernetes_network_config": [
              {
                "elastic_load_balancing": [
                  {
                    "enabled": false
                  }
                ],
                "ip_family": "ipv4",
                "service_ipv4_cidr": "172.20.0.0/16",
                "service_ipv6_cidr": ""
              }
            ],
            "name": "management-huy-cluster",
            "outpost_config": [],
            "platform_version": "eks.23",
            "remote_network_config": [],
            "role_arn": "arn:aws:iam::248195880649:role/management-huy-eks-cluster-role-20260519042500757500000002",
            "status": "ACTIVE",
            "storage_config": [],
            "tags": {
              "Environment": "management-huy",
              "ManagedBy": "Terraform",
              "Name": "management-huy-cluster"
            },
            "tags_all": {
              "Environment": "management-huy",
              "ManagedBy": "Terraform",
              "Name": "management-huy-cluster",
              "Project": "voting-app"
            },
            "timeouts": null,
            "upgrade_policy": [
              {
                "support_type": "EXTENDED"
              }
            ],
            "version": "1.34",
            "vpc_config": [
              {
                "cluster_security_group_id": "sg-092378b0399fda748",
                "endpoint_private_access": true,
                "endpoint_public_access": true,
                "public_access_cidrs": [
                  "0.0.0.0/0"
                ],
                "security_group_ids": [
                  "sg-05a3fd029a31fe813"
                ],
                "subnet_ids": [
                  "subnet-05cd9f8db9807fa58",
                  "subnet-0b6b2bccb87ec75b5"
                ],
                "vpc_id": "vpc-0da092d5d1a66c8c0"
              }
            ],
            "zonal_shift_config": []
          },
          "sensitive_attributes": [],
          "identity_schema_version": 0,
          "private": "eyJlMmJmYjczMC1lY2FhLTExZTYtOGY4OC0zNDM2M2JjN2M0YzAiOnsiY3JlYXRlIjoxODAwMDAwMDAwMDAwLCJkZWxldGUiOjkwMDAwMDAwMDAwMCwidXBkYXRlIjozNjAwMDAwMDAwMDAwfSwic2NoZW1hX3ZlcnNpb24iOiIxIn0=",
          "dependencies": [
            "module.iam.aws_iam_role.eks_cluster_role",
            "module.security_groups.module.security_group.aws_security_group.eks_cluster",
            "module.vpc.aws_subnet.private",
            "module.vpc.aws_vpc.main"
          ],
          "create_before_destroy": true
        }
      ]
    },
    {
      "module": "module.iam",
      "mode": "managed",
      "type": "aws_iam_role",
      "name": "eks_cluster_role",
      "provider": "provider[\"registry.terraform.io/hashicorp/aws\"]",
      "instances": [
        {
          "schema_version": 0,
          "attributes": {
            "arn": "arn:aws:iam::248195880649:role/management-huy-eks-cluster-role-20260519042500757500000002",
            "assume_role_policy": "{\"Statement\":[{\"Action\":\"sts:AssumeRole\",\"Effect\":\"Allow\",\"Principal\":{\"Service\":\"eks.amazonaws.com\"}}],\"Version\":\"2012-10-17\"}",
            "create_date": "2026-05-19T04:25:00Z",
            "description": "",
            "force_detach_policies": false,
            "id": "management-huy-eks-cluster-role-20260519042500757500000002",
            "inline_policy": [],
            "managed_policy_arns": [
              "arn:aws:iam::aws:policy/AmazonEKSClusterPolicy",
              "arn:aws:iam::aws:policy/AmazonEKSVPCResourceController"
            ],
            "max_session_duration": 3600,
            "name": "management-huy-eks-cluster-role-20260519042500757500000002",
            "name_prefix": "management-huy-eks-cluster-role-",
            "path": "/",
            "permissions_boundary": "",
            "tags": {
              "Environment": "management-huy",
              "ManagedBy": "Terraform",
              "Name": "management-huy-eks-cluster-role"
            },
            "tags_all": {
              "Environment": "management-huy",
              "ManagedBy": "Terraform",
              "Name": "management-huy-eks-cluster-role",
              "Project": "voting-app"
            },
            "unique_id": "AROATTSNAS3ERDVQBMGGS"
          },
          "sensitive_attributes": [],
          "identity_schema_version": 0,
          "private": "bnVsbA==",
          "create_before_destroy": true
        }
      ]
    },
    {
      "module": "module.iam",
      "mode": "managed",
      "type": "aws_iam_role",
      "name": "eks_node_role",
      "provider": "provider[\"registry.terraform.io/hashicorp/aws\"]",
      "instances": [
        {
          "schema_version": 0,
          "attributes": {
            "arn": "arn:aws:iam::248195880649:role/management-huy-eks-node-role-20260519042500757500000001",
            "assume_role_policy": "{\"Statement\":[{\"Action\":\"sts:AssumeRole\",\"Effect\":\"Allow\",\"Principal\":{\"Service\":\"ec2.amazonaws.com\"}}],\"Version\":\"2012-10-17\"}",
            "create_date": "2026-05-19T04:25:00Z",
            "description": "",
            "force_detach_policies": false,
            "id": "management-huy-eks-node-role-20260519042500757500000001",
            "inline_policy": [],
            "managed_policy_arns": [
              "arn:aws:iam::aws:policy/AmazonEC2ContainerRegistryReadOnly",
              "arn:aws:iam::aws:policy/AmazonEKSWorkerNodePolicy",
              "arn:aws:iam::aws:policy/AmazonEKS_CNI_Policy"
            ],
            "max_session_duration": 3600,
            "name": "management-huy-eks-node-role-20260519042500757500000001",
            "name_prefix": "management-huy-eks-node-role-",
            "path": "/",
            "permissions_boundary": "",
            "tags": {
              "Environment": "management-huy",
              "ManagedBy": "Terraform",
              "Name": "management-huy-eks-node-role"
            },
            "tags_all": {
              "Environment": "management-huy",
              "ManagedBy": "Terraform",
              "Name": "management-huy-eks-node-role",
              "Project": "voting-app"
            },
            "unique_id": "AROATTSNAS3EYGCUZZUYA"
          },
          "sensitive_attributes": [],
          "identity_schema_version": 0,
          "private": "bnVsbA==",
          "create_before_destroy": true
        }
      ]
    },
    {
      "module": "module.node_group",
      "mode": "managed",
      "type": "aws_eks_node_group",
      "name": "main",
      "provider": "provider[\"registry.terraform.io/hashicorp/aws\"]",
      "instances": [
        {
          "schema_version": 0,
          "attributes": {
            "ami_type": "AL2023_x86_64_STANDARD",
            "arn": "arn:aws:eks:ap-southeast-1:248195880649:nodegroup/management-huy-cluster/management-huy-node-group/26cf1f41-63b0-54b2-475f-a0a713d487a3",
            "capacity_type": "ON_DEMAND",
            "cluster_name": "management-huy-cluster",
            "disk_size": 30,
            "force_update_version": null,
            "id": "management-huy-cluster:management-huy-node-group",
            "instance_types": [
              "t3.small"
            ],
            "labels": {},
            "launch_template": [],
            "node_group_name": "management-huy-node-group",
            "node_group_name_prefix": "",
            "node_repair_config": [],
            "node_role_arn": "arn:aws:iam::248195880649:role/management-huy-eks-node-role-20260519042500757500000001",
            "release_version": "1.34.7-20260512",
            "remote_access": [],
            "resources": [
              {
                "autoscaling_groups": [
                  {
                    "name": "eks-management-huy-node-group-26cf1f41-63b0-54b2-475f-a0a713d487a3"
                  }
                ],
                "remote_access_security_group_id": ""
              }
            ],
            "scaling_config": [
              {
                "desired_size": 1,
                "max_size": 2,
                "min_size": 1
              }
            ],
            "status": "ACTIVE",
            "subnet_ids": [
              "subnet-05cd9f8db9807fa58",
              "subnet-0b6b2bccb87ec75b5"
            ],
            "tags": {
              "Environment": "management-huy",
              "ManagedBy": "Terraform",
              "Name": "management-huy-node-group"
            },
            "tags_all": {
              "Environment": "management-huy",
              "ManagedBy": "Terraform",
              "Name": "management-huy-node-group",
              "Project": "voting-app"
            },
            "taint": [],
            "timeouts": null,
            "update_config": [
              {
                "max_unavailable": 1,
                "max_unavailable_percentage": 0
              }
            ],
            "version": "1.34"
          },
          "sensitive_attributes": [],
          "identity_schema_version": 0,
          "private": "eyJlMmJmYjczMC1lY2FhLTExZTYtOGY4OC0zNDM2M2JjN2M0YzAiOnsiY3JlYXRlIjozNjAwMDAwMDAwMDAwLCJkZWxldGUiOjM2MDAwMDAwMDAwMDAsInVwZGF0ZSI6MzYwMDAwMDAwMDAwMH19",
          "dependencies": [
            "module.eks.aws_eks_cluster.main",
            "module.iam.aws_iam_role.eks_cluster_role",
            "module.iam.aws_iam_role.eks_node_role",
            "module.security_groups.module.security_group.aws_security_group.eks_cluster",
            "module.vpc.aws_subnet.private",
            "module.vpc.aws_vpc.main"
          ],
          "create_before_destroy": true
        }
      ]
    },
    {
      "module": "module.security_groups.module.security_group",
      "mode": "managed",
      "type": "aws_security_group",
      "name": "eks_cluster",
      "provider": "provider[\"registry.terraform.io/hashicorp/aws\"]",
      "instances": [
        {
          "schema_version": 1,
          "attributes": {
            "arn": "arn:aws:ec2:ap-southeast-1:248195880649:security-group/sg-05a3fd029a31fe813",
            "description": "Security group for EKS cluster control plane",
            "egress": [
              {
                "cidr_blocks": [
                  "0.0.0.0/0"
                ],
                "description": "Allow all outbound traffic",
                "from_port": 0,
                "ipv6_cidr_blocks": [],
                "prefix_list_ids": [],
                "protocol": "-1",
                "security_groups": [],
                "self": false,
                "to_port": 0
              }
            ],
            "id": "sg-05a3fd029a31fe813",
            "ingress": [],
            "name": "management-huy-eks-cluster-20260519042512546500000008",
            "name_prefix": "management-huy-eks-cluster-",
            "owner_id": "248195880649",
            "revoke_rules_on_delete": false,
            "tags": {
              "Environment": "management-huy",
              "ManagedBy": "Terraform",
              "Name": "management-huy-eks-cluster-sg"
            },
            "tags_all": {
              "Environment": "management-huy",
              "ManagedBy": "Terraform",
              "Name": "management-huy-eks-cluster-sg",
              "Project": "voting-app"
            },
            "timeouts": null,
            "vpc_id": "vpc-0da092d5d1a66c8c0"
          },
          "sensitive_attributes": [],
          "identity_schema_version": 0,
          "private": "eyJlMmJmYjczMC1lY2FhLTExZTYtOGY4OC0zNDM2M2JjN2M0YzAiOnsiY3JlYXRlIjo2MDAwMDAwMDAwMDAsImRlbGV0ZSI6OTAwMDAwMDAwMDAwfSwic2NoZW1hX3ZlcnNpb24iOiIxIn0=",
          "dependencies": [
            "module.vpc.aws_vpc.main"
          ],
          "create_before_destroy": true
        }
      ]
    },
    {
      "module": "module.vpc",
      "mode": "managed",
      "type": "aws_subnet",
      "name": "private",
      "provider": "provider[\"registry.terraform.io/hashicorp/aws\"]",
      "instances": [
        {
          "index_key": 0,
          "schema_version": 1,
          "attributes": {
            "arn": "arn:aws:ec2:ap-southeast-1:248195880649:subnet/subnet-0b6b2bccb87ec75b5",
            "assign_ipv6_address_on_creation": false,
            "availability_zone": "ap-southeast-1a",
            "availability_zone_id": "apse1-az2",
            "cidr_block": "10.3.10.0/24",
            "customer_owned_ipv4_pool": "",
            "enable_dns64": false,
            "enable_lni_at_device_index": 0,
            "enable_resource_name_dns_a_record_on_launch": false,
            "enable_resource_name_dns_aaaa_record_on_launch": false,
            "id": "subnet-0b6b2bccb87ec75b5",
            "ipv6_cidr_block": "",
            "ipv6_cidr_block_association_id": "",
            "ipv6_native": false,
            "map_customer_owned_ip_on_launch": false,
            "map_public_ip_on_launch": false,
            "outpost_arn": "",
            "owner_id": "248195880649",
            "private_dns_hostname_type_on_launch": "ip-name",
            "tags": {
              "Environment": "management-huy",
              "ManagedBy": "Terraform",
              "Name": "management-huy-private-subnet-1",
              "Type": "Private",
              "kubernetes.io/cluster/management-huy-cluster": "shared"
            },
            "tags_all": {
              "Environment": "management-huy",
              "ManagedBy": "Terraform",
              "Name": "management-huy-private-subnet-1",
              "Project": "voting-app",
              "Type": "Private",
              "kubernetes.io/cluster/management-huy-cluster": "shared"
            },
            "timeouts": null,
            "vpc_id": "vpc-0da092d5d1a66c8c0"
          },
          "sensitive_attributes": [],
          "identity_schema_version": 0,
          "private": "eyJlMmJmYjczMC1lY2FhLTExZTYtOGY4OC0zNDM2M2JjN2M0YzAiOnsiY3JlYXRlIjo2MDAwMDAwMDAwMDAsImRlbGV0ZSI6MTIwMDAwMDAwMDAwMH0sInNjaGVtYV92ZXJzaW9uIjoiMSJ9",
          "dependencies": [
            "module.vpc.aws_vpc.main"
          ],
          "create_before_destroy": true
        },
        {
          "index_key": 1,
          "schema_version": 1,
          "attributes": {
            "arn": "arn:aws:ec2:ap-southeast-1:248195880649:subnet/subnet-05cd9f8db9807fa58",
            "assign_ipv6_address_on_creation": false,
            "availability_zone": "ap-southeast-1b",
            "availability_zone_id": "apse1-az1",
            "cidr_block": "10.3.11.0/24",
            "customer_owned_ipv4_pool": "",
            "enable_dns64": false,
            "enable_lni_at_device_index": 0,
            "enable_resource_name_dns_a_record_on_launch": false,
            "enable_resource_name_dns_aaaa_record_on_launch": false,
            "id": "subnet-05cd9f8db9807fa58",
            "ipv6_cidr_block": "",
            "ipv6_cidr_block_association_id": "",
            "ipv6_native": false,
            "map_customer_owned_ip_on_launch": false,
            "map_public_ip_on_launch": false,
            "outpost_arn": "",
            "owner_id": "248195880649",
            "private_dns_hostname_type_on_launch": "ip-name",
            "tags": {
              "Environment": "management-huy",
              "ManagedBy": "Terraform",
              "Name": "management-huy-private-subnet-2",
              "Type": "Private",
              "kubernetes.io/cluster/management-huy-cluster": "shared"
            },
            "tags_all": {
              "Environment": "management-huy",
              "ManagedBy": "Terraform",
              "Name": "management-huy-private-subnet-2",
              "Project": "voting-app",
              "Type": "Private",
              "kubernetes.io/cluster/management-huy-cluster": "shared"
            },
            "timeouts": null,
            "vpc_id": "vpc-0da092d5d1a66c8c0"
          },
          "sensitive_attributes": [],
          "identity_schema_version": 0,
          "private": "eyJlMmJmYjczMC1lY2FhLTExZTYtOGY4OC0zNDM2M2JjN2M0YzAiOnsiY3JlYXRlIjo2MDAwMDAwMDAwMDAsImRlbGV0ZSI6MTIwMDAwMDAwMDAwMH0sInNjaGVtYV92ZXJzaW9uIjoiMSJ9",
          "dependencies": [
            "module.vpc.aws_vpc.main"
          ],
          "create_before_destroy": true
        }
      ]
    },
    {
      "module": "module.vpc",
      "mode": "managed",
      "type": "aws_vpc",
      "name": "main",
      "provider": "provider[\"registry.terraform.io/hashicorp/aws\"]",
      "instances": [
        {
          "schema_version": 1,
          "attributes": {
            "arn": "arn:aws:ec2:ap-southeast-1:248195880649:vpc/vpc-0da092d5d1a66c8c0",
            "assign_generated_ipv6_cidr_block": false,
            "cidr_block": "10.3.0.0/16",
            "default_network_acl_id": "acl-01985c4bc88655f36",
            "default_route_table_id": "rtb-044b9d8569d13ea8f",
            "default_security_group_id": "sg-03303b6cd2b730f88",
            "dhcp_options_id": "dopt-071225b857c9fcbec",
            "enable_dns_hostnames": true,
            "enable_dns_support": true,
            "enable_network_address_usage_metrics": false,
            "id": "vpc-0da092d5d1a66c8c0",
            "instance_tenancy": "default",
            "ipv4_ipam_pool_id": null,
            "ipv4_netmask_length": null,
            "ipv6_association_id": "",
            "ipv6_cidr_block": "",
            "ipv6_cidr_block_network_border_group": "",
            "ipv6_ipam_pool_id": "",
            "ipv6_netmask_length": 0,
            "main_route_table_id": "rtb-044b9d8569d13ea8f",
            "owner_id": "248195880649",
            "tags": {
              "Environment": "management-huy",
              "ManagedBy": "Terraform",
              "Name": "management-huy-vpc"
            },
            "tags_all": {
              "Environment": "management-huy",
              "ManagedBy": "Terraform",
              "Name": "management-huy-vpc",
              "Project": "voting-app"
            }
          },
          "sensitive_attributes": [],
          "identity_schema_version": 0,
          "private": "eyJzY2hlbWFfdmVyc2lvbiI6IjEifQ==",
          "create_before_destroy": true
        }
      ]
    }
  ],
  "check_results": null
}
