{
  "version": 4,
  "terraform_version": "1.14.8",
  "serial": 10,
  "lineage": "e8a7808a-463d-8518-c45d-521ee8393be6",
  "outputs": {},
  "resources": [
    {
      "module": "module.eks",
      "mode": "managed",
      "type": "aws_eks_cluster",
      "name": "main",
      "provider": "provider[\"registry.terraform.io/hashicorp/aws\"]",
      "instances": [
        {
          "schema_version": 1,
          "attributes": {
            "access_config": [
              {
                "authentication_mode": "CONFIG_MAP",
                "bootstrap_cluster_creator_admin_permissions": true
              }
            ],
            "arn": "arn:aws:eks:ap-southeast-1:248195880649:cluster/dev-huy-cluster",
            "bootstrap_self_managed_addons": true,
            "certificate_authority": [
              {
                "data": "LS0tLS1CRUdJTiBDRVJUSUZJQ0FURS0tLS0tCk1JSURCVENDQWUyZ0F3SUJBZ0lJRjl4Y2J2a0hrSWN3RFFZSktvWklodmNOQVFFTEJRQXdGVEVUTUJFR0ExVUUKQXhNS2EzVmlaWEp1WlhSbGN6QWVGdzB5TmpBMU1Ua3dOREE1TVRGYUZ3MHpOakExTVRZd05ERTBNVEZhTUJVeApFekFSQmdOVkJBTVRDbXQxWW1WeWJtVjBaWE13Z2dFaU1BMEdDU3FHU0liM0RRRUJBUVVBQTRJQkR3QXdnZ0VLCkFvSUJBUUM1R0VMYmNMWVM4QXFBVVJ2V2JXaWZyYzZMV2hBaHM5TStTOFg0bzFwWjh6Z1R3VjMzQVRqVW8zRUQKaTJMSFZkTGhFNURyWHhxdHZBM3o0eEZaRWZWRHlRWmF5eVdldlFCeDRGRG1QbEJ2bDZ6ZFhmWVR1V25DSEFUdQpXQ09aWml6UDBXdEptQmxFQ0NxektWMFB5MlF2MEJhY29qVFpzbWJESmhWcUdPa0JNTzloUVhFVXJIc1VNVmN1CmVodXUvdi9GM1NMbmMwWDlQN2kzdTlRWjU1Wlh6aTNXNDVHU203WEpqNkViamRGcWlzNU1GelhXcDErUEt2Vk0KWG5UWDZmOWdHR2drc296ajhWSFpLa0N1b21yclBraW1qYStlcEczMTFmRnBVWXBxWXBtSUFORFZQMWIrZVd1MwpnRFVGY1FJdGo5OW9mWm5Gc25LT0Zld1hEUmliQWdNQkFBR2pXVEJYTUE0R0ExVWREd0VCL3dRRUF3SUNwREFQCkJnTlZIUk1CQWY4RUJUQURBUUgvTUIwR0ExVWREZ1FXQkJUaEtYa0hodjVrQ3d5UG5MOXZKOEN5TFJGU1hUQVYKQmdOVkhSRUVEakFNZ2dwcmRXSmxjbTVsZEdWek1BMEdDU3FHU0liM0RRRUJDd1VBQTRJQkFRQTRQQllDVEJ4Rwp5WDBQVnJDdGpncmFzQnZqNlEyczQvSTNNQ1MxRzlNYWNTRHVraTZrTTJFcTVWWFFuaGdkMzBUU3pwdGc5SUNmCk9BbkV0YXNWN0EzTkt1aU1JbmRJWGhyaWRUQldwTkkrenA2Syt5RXR6S2JURUk4TXBsVEF5ZWJVei8vNVZtT0gKODcvNGFyOHZJZXoyRVE5ajl4TGNNUzZEUjNSUWh6R0hKTnB2SXNaOTNQZHFIS3BxcFhaOGt3YSs2K1FBNEMvMApIQWVrMktCVnJLS3Z3ZWxMc1pUTUVpdDIrQWFudHlnNXZrY2ZDOWhuSTJKQldqdU5ISU8rMlZ5QWI0dTZvTkNRCjlZd2VUZ2VXT21ZcFFpaG5oU3ZaWWlBUUFzcDhRdEJWclpJMGFxdDAvMEJUcXhkTFhuQTJreUw5QzhSNFhOWmsKUithWXg2NWprRjMzCi0tLS0tRU5EIENFUlRJRklDQVRFLS0tLS0K"
              }
            ],
            "cluster_id": null,
            "compute_config": [],
            "created_at": "2026-05-19T04:10:19Z",
            "enabled_cluster_log_types": [
              "api",
              "audit",
              "authenticator",
              "controllerManager",
              "scheduler"
            ],
            "encryption_config": [],
            "endpoint": "https://7994D3FF18DA9E83685749F104B59FA1.gr7.ap-southeast-1.eks.amazonaws.com",
            "force_update_version": null,
            "id": "dev-huy-cluster",
            "identity": [
              {
                "oidc": [
                  {
                    "issuer": "https://oidc.eks.ap-southeast-1.amazonaws.com/id/7994D3FF18DA9E83685749F104B59FA1"
                  }
                ]
              }
            ],
            "kubernetes_network_config": [
              {
                "elastic_load_balancing": [
                  {
                    "enabled": false
                  }
                ],
                "ip_family": "ipv4",
                "service_ipv4_cidr": "172.20.0.0/16",
                "service_ipv6_cidr": ""
              }
            ],
            "name": "dev-huy-cluster",
            "outpost_config": [],
            "platform_version": "eks.23",
            "remote_network_config": [],
            "role_arn": "arn:aws:iam::248195880649:role/dev-huy-eks-cluster-role-20260519041002125800000002",
            "status": "ACTIVE",
            "storage_config": [],
            "tags": {
              "Environment": "dev-huy",
              "ManagedBy": "Terraform",
              "Name": "dev-huy-cluster"
            },
            "tags_all": {
              "Environment": "dev-huy",
              "ManagedBy": "Terraform",
              "Name": "dev-huy-cluster",
              "Project": "voting-app"
            },
            "timeouts": null,
            "upgrade_policy": [
              {
                "support_type": "EXTENDED"
              }
            ],
            "version": "1.34",
            "vpc_config": [
              {
                "cluster_security_group_id": "sg-08ea1a6ab5ed06731",
                "endpoint_private_access": true,
                "endpoint_public_access": true,
                "public_access_cidrs": [
                  "0.0.0.0/0"
                ],
                "security_group_ids": [
                  "sg-046b497f25822361a"
                ],
                "subnet_ids": [
                  "subnet-0340538ccdda2f19d",
                  "subnet-0449b2d4f74d4fba6"
                ],
                "vpc_id": "vpc-067c4ad3209a269fe"
              }
            ],
            "zonal_shift_config": []
          },
          "sensitive_attributes": [],
          "identity_schema_version": 0,
          "private": "eyJlMmJmYjczMC1lY2FhLTExZTYtOGY4OC0zNDM2M2JjN2M0YzAiOnsiY3JlYXRlIjoxODAwMDAwMDAwMDAwLCJkZWxldGUiOjkwMDAwMDAwMDAwMCwidXBkYXRlIjozNjAwMDAwMDAwMDAwfSwic2NoZW1hX3ZlcnNpb24iOiIxIn0=",
          "dependencies": [
            "module.iam.aws_iam_role.eks_cluster_role",
            "module.security_groups.module.security_group.aws_security_group.eks_cluster",
            "module.vpc.aws_subnet.private",
            "module.vpc.aws_vpc.main"
          ],
          "create_before_destroy": true
        }
      ]
    },
    {
      "module": "module.iam",
      "mode": "managed",
      "type": "aws_iam_role",
      "name": "eks_cluster_role",
      "provider": "provider[\"registry.terraform.io/hashicorp/aws\"]",
      "instances": [
        {
          "schema_version": 0,
          "attributes": {
            "arn": "arn:aws:iam::248195880649:role/dev-huy-eks-cluster-role-20260519041002125800000002",
            "assume_role_policy": "{\"Statement\":[{\"Action\":\"sts:AssumeRole\",\"Effect\":\"Allow\",\"Principal\":{\"Service\":\"eks.amazonaws.com\"}}],\"Version\":\"2012-10-17\"}",
            "create_date": "2026-05-19T04:10:02Z",
            "description": "",
            "force_detach_policies": false,
            "id": "dev-huy-eks-cluster-role-20260519041002125800000002",
            "inline_policy": [],
            "managed_policy_arns": [
              "arn:aws:iam::aws:policy/AmazonEKSClusterPolicy",
              "arn:aws:iam::aws:policy/AmazonEKSVPCResourceController"
            ],
            "max_session_duration": 3600,
            "name": "dev-huy-eks-cluster-role-20260519041002125800000002",
            "name_prefix": "dev-huy-eks-cluster-role-",
            "path": "/",
            "permissions_boundary": "",
            "tags": {
              "Environment": "dev-huy",
              "ManagedBy": "Terraform",
              "Name": "dev-huy-eks-cluster-role"
            },
            "tags_all": {
              "Environment": "dev-huy",
              "ManagedBy": "Terraform",
              "Name": "dev-huy-eks-cluster-role",
              "Project": "voting-app"
            },
            "unique_id": "AROATTSNAS3EXCP7IG6W2"
          },
          "sensitive_attributes": [],
          "identity_schema_version": 0,
          "private": "bnVsbA==",
          "create_before_destroy": true
        }
      ]
    },
    {
      "module": "module.iam",
      "mode": "managed",
      "type": "aws_iam_role",
      "name": "eks_node_role",
      "provider": "provider[\"registry.terraform.io/hashicorp/aws\"]",
      "instances": [
        {
          "schema_version": 0,
          "attributes": {
            "arn": "arn:aws:iam::248195880649:role/dev-huy-eks-node-role-20260519041002115900000001",
            "assume_role_policy": "{\"Statement\":[{\"Action\":\"sts:AssumeRole\",\"Effect\":\"Allow\",\"Principal\":{\"Service\":\"ec2.amazonaws.com\"}}],\"Version\":\"2012-10-17\"}",
            "create_date": "2026-05-19T04:10:02Z",
            "description": "",
            "force_detach_policies": false,
            "id": "dev-huy-eks-node-role-20260519041002115900000001",
            "inline_policy": [],
            "managed_policy_arns": [
              "arn:aws:iam::aws:policy/AmazonEC2ContainerRegistryReadOnly",
              "arn:aws:iam::aws:policy/AmazonEKSWorkerNodePolicy",
              "arn:aws:iam::aws:policy/AmazonEKS_CNI_Policy"
            ],
            "max_session_duration": 3600,
            "name": "dev-huy-eks-node-role-20260519041002115900000001",
            "name_prefix": "dev-huy-eks-node-role-",
            "path": "/",
            "permissions_boundary": "",
            "tags": {
              "Environment": "dev-huy",
              "ManagedBy": "Terraform",
              "Name": "dev-huy-eks-node-role"
            },
            "tags_all": {
              "Environment": "dev-huy",
              "ManagedBy": "Terraform",
              "Name": "dev-huy-eks-node-role",
              "Project": "voting-app"
            },
            "unique_id": "AROATTSNAS3EWL7MOMMLD"
          },
          "sensitive_attributes": [],
          "identity_schema_version": 0,
          "private": "bnVsbA==",
          "create_before_destroy": true
        }
      ]
    },
    {
      "module": "module.node_group",
      "mode": "managed",
      "type": "aws_eks_node_group",
      "name": "main",
      "provider": "provider[\"registry.terraform.io/hashicorp/aws\"]",
      "instances": [
        {
          "schema_version": 0,
          "attributes": {
            "ami_type": "AL2023_x86_64_STANDARD",
            "arn": "arn:aws:eks:ap-southeast-1:248195880649:nodegroup/dev-huy-cluster/dev-huy-node-group/d8cf1f3a-9f36-ad40-57af-d8b32963f6e7",
            "capacity_type": "ON_DEMAND",
            "cluster_name": "dev-huy-cluster",
            "disk_size": 30,
            "force_update_version": null,
            "id": "dev-huy-cluster:dev-huy-node-group",
            "instance_types": [
              "t3.small"
            ],
            "labels": {},
            "launch_template": [],
            "node_group_name": "dev-huy-node-group",
            "node_group_name_prefix": "",
            "node_repair_config": [],
            "node_role_arn": "arn:aws:iam::248195880649:role/dev-huy-eks-node-role-20260519041002115900000001",
            "release_version": "1.34.7-20260512",
            "remote_access": [],
            "resources": [
              {
                "autoscaling_groups": [
                  {
                    "name": "eks-dev-huy-node-group-d8cf1f3a-9f36-ad40-57af-d8b32963f6e7"
                  }
                ],
                "remote_access_security_group_id": ""
              }
            ],
            "scaling_config": [
              {
                "desired_size": 1,
                "max_size": 2,
                "min_size": 1
              }
            ],
            "status": "ACTIVE",
            "subnet_ids": [
              "subnet-0340538ccdda2f19d",
              "subnet-0449b2d4f74d4fba6"
            ],
            "tags": {
              "Environment": "dev-huy",
              "ManagedBy": "Terraform",
              "Name": "dev-huy-node-group"
            },
            "tags_all": {
              "Environment": "dev-huy",
              "ManagedBy": "Terraform",
              "Name": "dev-huy-node-group",
              "Project": "voting-app"
            },
            "taint": [],
            "timeouts": null,
            "update_config": [
              {
                "max_unavailable": 1,
                "max_unavailable_percentage": 0
              }
            ],
            "version": "1.34"
          },
          "sensitive_attributes": [],
          "identity_schema_version": 0,
          "private": "eyJlMmJmYjczMC1lY2FhLTExZTYtOGY4OC0zNDM2M2JjN2M0YzAiOnsiY3JlYXRlIjozNjAwMDAwMDAwMDAwLCJkZWxldGUiOjM2MDAwMDAwMDAwMDAsInVwZGF0ZSI6MzYwMDAwMDAwMDAwMH19",
          "dependencies": [
            "module.eks.aws_eks_cluster.main",
            "module.iam.aws_iam_role.eks_cluster_role",
            "module.iam.aws_iam_role.eks_node_role",
            "module.security_groups.module.security_group.aws_security_group.eks_cluster",
            "module.vpc.aws_subnet.private",
            "module.vpc.aws_vpc.main"
          ],
          "create_before_destroy": true
        }
      ]
    },
    {
      "module": "module.security_groups.module.security_group",
      "mode": "managed",
      "type": "aws_security_group",
      "name": "eks_cluster",
      "provider": "provider[\"registry.terraform.io/hashicorp/aws\"]",
      "instances": [
        {
          "schema_version": 1,
          "attributes": {
            "arn": "arn:aws:ec2:ap-southeast-1:248195880649:security-group/sg-046b497f25822361a",
            "description": "Security group for EKS cluster control plane",
            "egress": [
              {
                "cidr_blocks": [
                  "0.0.0.0/0"
                ],
                "description": "Allow all outbound traffic",
                "from_port": 0,
                "ipv6_cidr_blocks": [],
                "prefix_list_ids": [],
                "protocol": "-1",
                "security_groups": [],
                "self": false,
                "to_port": 0
              }
            ],
            "id": "sg-046b497f25822361a",
            "ingress": [],
            "name": "dev-huy-eks-cluster-20260519041014097200000008",
            "name_prefix": "dev-huy-eks-cluster-",
            "owner_id": "248195880649",
            "revoke_rules_on_delete": false,
            "tags": {
              "Environment": "dev-huy",
              "ManagedBy": "Terraform",
              "Name": "dev-huy-eks-cluster-sg"
            },
            "tags_all": {
              "Environment": "dev-huy",
              "ManagedBy": "Terraform",
              "Name": "dev-huy-eks-cluster-sg",
              "Project": "voting-app"
            },
            "timeouts": null,
            "vpc_id": "vpc-067c4ad3209a269fe"
          },
          "sensitive_attributes": [],
          "identity_schema_version": 0,
          "private": "eyJlMmJmYjczMC1lY2FhLTExZTYtOGY4OC0zNDM2M2JjN2M0YzAiOnsiY3JlYXRlIjo2MDAwMDAwMDAwMDAsImRlbGV0ZSI6OTAwMDAwMDAwMDAwfSwic2NoZW1hX3ZlcnNpb24iOiIxIn0=",
          "dependencies": [
            "module.vpc.aws_vpc.main"
          ],
          "create_before_destroy": true
        }
      ]
    },
    {
      "module": "module.vpc",
      "mode": "managed",
      "type": "aws_subnet",
      "name": "private",
      "provider": "provider[\"registry.terraform.io/hashicorp/aws\"]",
      "instances": [
        {
          "index_key": 0,
          "schema_version": 1,
          "attributes": {
            "arn": "arn:aws:ec2:ap-southeast-1:248195880649:subnet/subnet-0449b2d4f74d4fba6",
            "assign_ipv6_address_on_creation": false,
            "availability_zone": "ap-southeast-1a",
            "availability_zone_id": "apse1-az2",
            "cidr_block": "10.0.10.0/24",
            "customer_owned_ipv4_pool": "",
            "enable_dns64": false,
            "enable_lni_at_device_index": 0,
            "enable_resource_name_dns_a_record_on_launch": false,
            "enable_resource_name_dns_aaaa_record_on_launch": false,
            "id": "subnet-0449b2d4f74d4fba6",
            "ipv6_cidr_block": "",
            "ipv6_cidr_block_association_id": "",
            "ipv6_native": false,
            "map_customer_owned_ip_on_launch": false,
            "map_public_ip_on_launch": false,
            "outpost_arn": "",
            "owner_id": "248195880649",
            "private_dns_hostname_type_on_launch": "ip-name",
            "tags": {
              "Environment": "dev-huy",
              "ManagedBy": "Terraform",
              "Name": "dev-huy-private-subnet-1",
              "Type": "Private",
              "kubernetes.io/cluster/dev-huy-cluster": "shared"
            },
            "tags_all": {
              "Environment": "dev-huy",
              "ManagedBy": "Terraform",
              "Name": "dev-huy-private-subnet-1",
              "Project": "voting-app",
              "Type": "Private",
              "kubernetes.io/cluster/dev-huy-cluster": "shared"
            },
            "timeouts": null,
            "vpc_id": "vpc-067c4ad3209a269fe"
          },
          "sensitive_attributes": [],
          "identity_schema_version": 0,
          "private": "eyJlMmJmYjczMC1lY2FhLTExZTYtOGY4OC0zNDM2M2JjN2M0YzAiOnsiY3JlYXRlIjo2MDAwMDAwMDAwMDAsImRlbGV0ZSI6MTIwMDAwMDAwMDAwMH0sInNjaGVtYV92ZXJzaW9uIjoiMSJ9",
          "dependencies": [
            "module.vpc.aws_vpc.main"
          ],
          "create_before_destroy": true
        },
        {
          "index_key": 1,
          "schema_version": 1,
          "attributes": {
            "arn": "arn:aws:ec2:ap-southeast-1:248195880649:subnet/subnet-0340538ccdda2f19d",
            "assign_ipv6_address_on_creation": false,
            "availability_zone": "ap-southeast-1b",
            "availability_zone_id": "apse1-az1",
            "cidr_block": "10.0.11.0/24",
            "customer_owned_ipv4_pool": "",
            "enable_dns64": false,
            "enable_lni_at_device_index": 0,
            "enable_resource_name_dns_a_record_on_launch": false,
            "enable_resource_name_dns_aaaa_record_on_launch": false,
            "id": "subnet-0340538ccdda2f19d",
            "ipv6_cidr_block": "",
            "ipv6_cidr_block_association_id": "",
            "ipv6_native": false,
            "map_customer_owned_ip_on_launch": false,
            "map_public_ip_on_launch": false,
            "outpost_arn": "",
            "owner_id": "248195880649",
            "private_dns_hostname_type_on_launch": "ip-name",
            "tags": {
              "Environment": "dev-huy",
              "ManagedBy": "Terraform",
              "Name": "dev-huy-private-subnet-2",
              "Type": "Private",
              "kubernetes.io/cluster/dev-huy-cluster": "shared"
            },
            "tags_all": {
              "Environment": "dev-huy",
              "ManagedBy": "Terraform",
              "Name": "dev-huy-private-subnet-2",
              "Project": "voting-app",
              "Type": "Private",
              "kubernetes.io/cluster/dev-huy-cluster": "shared"
            },
            "timeouts": null,
            "vpc_id": "vpc-067c4ad3209a269fe"
          },
          "sensitive_attributes": [],
          "identity_schema_version": 0,
          "private": "eyJlMmJmYjczMC1lY2FhLTExZTYtOGY4OC0zNDM2M2JjN2M0YzAiOnsiY3JlYXRlIjo2MDAwMDAwMDAwMDAsImRlbGV0ZSI6MTIwMDAwMDAwMDAwMH0sInNjaGVtYV92ZXJzaW9uIjoiMSJ9",
          "dependencies": [
            "module.vpc.aws_vpc.main"
          ],
          "create_before_destroy": true
        }
      ]
    },
    {
      "module": "module.vpc",
      "mode": "managed",
      "type": "aws_vpc",
      "name": "main",
      "provider": "provider[\"registry.terraform.io/hashicorp/aws\"]",
      "instances": [
        {
          "schema_version": 1,
          "attributes": {
            "arn": "arn:aws:ec2:ap-southeast-1:248195880649:vpc/vpc-067c4ad3209a269fe",
            "assign_generated_ipv6_cidr_block": false,
            "cidr_block": "10.0.0.0/16",
            "default_network_acl_id": "acl-0580d06c69a81cd60",
            "default_route_table_id": "rtb-055edf2011c101449",
            "default_security_group_id": "sg-0cb39490dca2c4055",
            "dhcp_options_id": "dopt-071225b857c9fcbec",
            "enable_dns_hostnames": true,
            "enable_dns_support": true,
            "enable_network_address_usage_metrics": false,
            "id": "vpc-067c4ad3209a269fe",
            "instance_tenancy": "default",
            "ipv4_ipam_pool_id": null,
            "ipv4_netmask_length": null,
            "ipv6_association_id": "",
            "ipv6_cidr_block": "",
            "ipv6_cidr_block_network_border_group": "",
            "ipv6_ipam_pool_id": "",
            "ipv6_netmask_length": 0,
            "main_route_table_id": "rtb-055edf2011c101449",
            "owner_id": "248195880649",
            "tags": {
              "Environment": "dev-huy",
              "ManagedBy": "Terraform",
              "Name": "dev-huy-vpc"
            },
            "tags_all": {
              "Environment": "dev-huy",
              "ManagedBy": "Terraform",
              "Name": "dev-huy-vpc",
              "Project": "voting-app"
            }
          },
          "sensitive_attributes": [],
          "identity_schema_version": 0,
          "private": "eyJzY2hlbWFfdmVyc2lvbiI6IjEifQ==",
          "create_before_destroy": true
        }
      ]
    }
  ],
  "check_results": null
}
